
Microsoft Visual Studio Solution File, Format Version 12.00
# Visual Studio Version 16
VisualStudioVersion = 16.0.29123.88
MinimumVisualStudioVersion = 10.0.40219.1
Project("{9A19103F-16F7-4668-BE54-9A1E7A4F7556}") = "Compact.Api", "Compact.Api\Compact.Api.csproj", "{C7D0AC4D-DAED-45A1-928E-8AB17D7A3D7B}"
EndProject
Project("{9A19103F-16F7-4668-BE54-9A1E7A4F7556}") = "Compact.Routes", "Compact.Routes\Compact.Routes.csproj", "{FB0BC07A-EDD6-474E-B261-4BDAD5E49184}"
EndProject
Project("{9A19103F-16F7-4668-BE54-9A1E7A4F7556}") = "Compact.Impressions", "Compact.Impressions\Compact.Impressions.csproj", "{11E822A2-029E-4B2E-9615-002552ECDC1C}"
EndProject
Project("{9A19103F-16F7-4668-BE54-9A1E7A4F7556}") = "Compact.Reports", "Compact.Reports\Compact.Reports.csproj", "{0C9F01A6-F63F-4421-BC46-DD006F193C73}"
EndProject
Project("{FAE04EC0-301F-11D3-BF4B-00C04F79EFBC}") = "Compact.Comments", "Compact.Comments\Compact.Comments.csproj", "{EA8BC1C5-38BC-46F9-ABFE-EB4070E05CED}"
EndProject
Global
	GlobalSection(SolutionConfigurationPlatforms) = preSolution
		Debug|Any CPU = Debug|Any CPU
		Release|Any CPU = Release|Any CPU
	EndGlobalSection
	GlobalSection(ProjectConfigurationPlatforms) = postSolution
		{C7D0AC4D-DAED-45A1-928E-8AB17D7A3D7B}.Debug|Any CPU.ActiveCfg = Debug|Any CPU
		{C7D0AC4D-DAED-45A1-928E-8AB17D7A3D7B}.Debug|Any CPU.Build.0 = Debug|Any CPU
		{C7D0AC4D-DAED-45A1-928E-8AB17D7A3D7B}.Release|Any CPU.ActiveCfg = Release|Any CPU
		{C7D0AC4D-DAED-45A1-928E-8AB17D7A3D7B}.Release|Any CPU.Build.0 = Release|Any CPU
		{FB0BC07A-EDD6-474E-B261-4BDAD5E49184}.Debug|Any CPU.ActiveCfg = Debug|Any CPU
		{FB0BC07A-EDD6-474E-B261-4BDAD5E49184}.Debug|Any CPU.Build.0 = Debug|Any CPU
		{FB0BC07A-EDD6-474E-B261-4BDAD5E49184}.Release|Any CPU.ActiveCfg = Release|Any CPU
		{FB0BC07A-EDD6-474E-B261-4BDAD5E49184}.Release|Any CPU.Build.0 = Release|Any CPU
		{11E822A2-029E-4B2E-9615-002552ECDC1C}.Debug|Any CPU.ActiveCfg = Debug|Any CPU
		{11E822A2-029E-4B2E-9615-002552ECDC1C}.Debug|Any CPU.Build.0 = Debug|Any CPU
		{11E822A2-029E-4B2E-9615-002552ECDC1C}.Release|Any CPU.ActiveCfg = Release|Any CPU
		{11E822A2-029E-4B2E-9615-002552ECDC1C}.Release|Any CPU.Build.0 = Release|Any CPU
		{0C9F01A6-F63F-4421-BC46-DD006F193C73}.Debug|Any CPU.ActiveCfg = Debug|Any CPU
		{0C9F01A6-F63F-4421-BC46-DD006F193C73}.Debug|Any CPU.Build.0 = Debug|Any CPU
		{0C9F01A6-F63F-4421-BC46-DD006F193C73}.Release|Any CPU.ActiveCfg = Release|Any CPU
		{0C9F01A6-F63F-4421-BC46-DD006F193C73}.Release|Any CPU.Build.0 = Release|Any CPU
		{EA8BC1C5-38BC-46F9-ABFE-EB4070E05CED}.Debug|Any CPU.ActiveCfg = Debug|Any CPU
		{EA8BC1C5-38BC-46F9-ABFE-EB4070E05CED}.Debug|Any CPU.Build.0 = Debug|Any CPU
		{EA8BC1C5-38BC-46F9-ABFE-EB4070E05CED}.Release|Any CPU.ActiveCfg = Release|Any CPU
		{EA8BC1C5-38BC-46F9-ABFE-EB4070E05CED}.Release|Any CPU.Build.0 = Release|Any CPU
	EndGlobalSection
	GlobalSection(SolutionProperties) = preSolution
		HideSolutionNode = FALSE
	EndGlobalSection
	GlobalSection(ExtensibilityGlobals) = postSolution
		SolutionGuid = {55393C3B-85F8-41B7-B6FF-AF350E35D557}
	EndGlobalSection
EndGlobal
